
Microsoft Visual Studio Solution File, Format Version 12.00
# Visual Studio Version 16
VisualStudioVersion = 16.0.31105.61
MinimumVisualStudioVersion = 10.0.40219.1
Project("{FAE04EC0-301F-11D3-BF4B-00C04F79EFBC}") = "UI.Desktop", "UI.Desktop\UI.Desktop.csproj", "{762DE211-94DD-44F2-BDC2-465E6C1F5EB0}"
EndProject
Project("{FAE04EC0-301F-11D3-BF4B-00C04F79EFBC}") = "Business.Logic", "Business.Logic\Business.Logic.csproj", "{7DFDC328-37E4-4502-9058-1D4CBA4CBB73}"
EndProject
Project("{FAE04EC0-301F-11D3-BF4B-00C04F79EFBC}") = "Util", "Util\Util.csproj", "{6251CDCE-4B6B-4E29-B3C8-D92E1A4D4F64}"
EndProject
Project("{FAE04EC0-301F-11D3-BF4B-00C04F79EFBC}") = "Business.Entities", "Business.Entities\Business.Entities.csproj", "{4BF45A1E-BCE0-45F1-AB62-2846FF5E2D96}"
EndProject
Project("{FAE04EC0-301F-11D3-BF4B-00C04F79EFBC}") = "UI.Web", "UI.Web\UI.Web.csproj", "{480CFD03-974D-4089-B09F-BE7B2FE89611}"
EndProject
Global
	GlobalSection(SolutionConfigurationPlatforms) = preSolution
		Debug|Any CPU = Debug|Any CPU
		Release|Any CPU = Release|Any CPU
	EndGlobalSection
	GlobalSection(ProjectConfigurationPlatforms) = postSolution
		{762DE211-94DD-44F2-BDC2-465E6C1F5EB0}.Debug|Any CPU.ActiveCfg = Debug|Any CPU
		{762DE211-94DD-44F2-BDC2-465E6C1F5EB0}.Debug|Any CPU.Build.0 = Debug|Any CPU
		{762DE211-94DD-44F2-BDC2-465E6C1F5EB0}.Release|Any CPU.ActiveCfg = Release|Any CPU
		{762DE211-94DD-44F2-BDC2-465E6C1F5EB0}.Release|Any CPU.Build.0 = Release|Any CPU
		{7DFDC328-37E4-4502-9058-1D4CBA4CBB73}.Debug|Any CPU.ActiveCfg = Debug|Any CPU
		{7DFDC328-37E4-4502-9058-1D4CBA4CBB73}.Debug|Any CPU.Build.0 = Debug|Any CPU
		{7DFDC328-37E4-4502-9058-1D4CBA4CBB73}.Release|Any CPU.ActiveCfg = Release|Any CPU
		{7DFDC328-37E4-4502-9058-1D4CBA4CBB73}.Release|Any CPU.Build.0 = Release|Any CPU
		{6251CDCE-4B6B-4E29-B3C8-D92E1A4D4F64}.Debug|Any CPU.ActiveCfg = Debug|Any CPU
		{6251CDCE-4B6B-4E29-B3C8-D92E1A4D4F64}.Debug|Any CPU.Build.0 = Debug|Any CPU
		{6251CDCE-4B6B-4E29-B3C8-D92E1A4D4F64}.Release|Any CPU.ActiveCfg = Release|Any CPU
		{6251CDCE-4B6B-4E29-B3C8-D92E1A4D4F64}.Release|Any CPU.Build.0 = Release|Any CPU
		{4BF45A1E-BCE0-45F1-AB62-2846FF5E2D96}.Debug|Any CPU.ActiveCfg = Debug|Any CPU
		{4BF45A1E-BCE0-45F1-AB62-2846FF5E2D96}.Debug|Any CPU.Build.0 = Debug|Any CPU
		{4BF45A1E-BCE0-45F1-AB62-2846FF5E2D96}.Release|Any CPU.ActiveCfg = Release|Any CPU
		{4BF45A1E-BCE0-45F1-AB62-2846FF5E2D96}.Release|Any CPU.Build.0 = Release|Any CPU
		{480CFD03-974D-4089-B09F-BE7B2FE89611}.Debug|Any CPU.ActiveCfg = Debug|Any CPU
		{480CFD03-974D-4089-B09F-BE7B2FE89611}.Debug|Any CPU.Build.0 = Debug|Any CPU
		{480CFD03-974D-4089-B09F-BE7B2FE89611}.Release|Any CPU.ActiveCfg = Release|Any CPU
		{480CFD03-974D-4089-B09F-BE7B2FE89611}.Release|Any CPU.Build.0 = Release|Any CPU
	EndGlobalSection
	GlobalSection(SolutionProperties) = preSolution
		HideSolutionNode = FALSE
	EndGlobalSection
	GlobalSection(ExtensibilityGlobals) = postSolution
		SolutionGuid = {D61E00F9-0DC4-4A4E-96CB-CA51CD501584}
	EndGlobalSection
EndGlobal
